
Microsoft Visual Studio Solution File, Format Version 12.00
# Visual Studio Version 17
VisualStudioVersion = 17.0.31903.59
MinimumVisualStudioVersion = 10.0.40219.1
Project("{FAE04EC0-301F-11D3-BF4B-00C04F79EFBC}") = "MaxScore", "MaxScore\MaxScore.csproj", "{4FE0ABD9-7459-462A-AA82-D07E7F36F029}"
EndProject
Global
	GlobalSection(SolutionConfigurationPlatforms) = preSolution
		Debug|Any CPU = Debug|Any CPU
		Release|Any CPU = Release|Any CPU
	EndGlobalSection
	GlobalSection(SolutionProperties) = preSolution
		HideSolutionNode = FALSE
	EndGlobalSection
	GlobalSection(ProjectConfigurationPlatforms) = postSolution
		{4FE0ABD9-7459-462A-AA82-D07E7F36F029}.Debug|Any CPU.ActiveCfg = Debug|Any CPU
		{4FE0ABD9-7459-462A-AA82-D07E7F36F029}.Debug|Any CPU.Build.0 = Debug|Any CPU
		{4FE0ABD9-7459-462A-AA82-D07E7F36F029}.Release|Any CPU.ActiveCfg = Release|Any CPU
		{4FE0ABD9-7459-462A-AA82-D07E7F36F029}.Release|Any CPU.Build.0 = Release|Any CPU
	EndGlobalSection
EndGlobal
